
Microsoft Visual Studio Solution File, Format Version 12.00
# Visual Studio Version 16
VisualStudioVersion = 16.0.28803.202
MinimumVisualStudioVersion = 10.0.40219.1
Project("{FAE04EC0-301F-11D3-BF4B-00C04F79EFBC}") = "UsersAPI", "UsersAPI\UsersAPI.csproj", "{DE293CBD-3358-4405-A3D3-1B5735BA9AF8}"
EndProject
Global
	GlobalSection(SolutionConfigurationPlatforms) = preSolution
		Debug|Any CPU = Debug|Any CPU
		Release|Any CPU = Release|Any CPU
	EndGlobalSection
	GlobalSection(ProjectConfigurationPlatforms) = postSolution
		{DE293CBD-3358-4405-A3D3-1B5735BA9AF8}.Debug|Any CPU.ActiveCfg = Debug|Any CPU
		{DE293CBD-3358-4405-A3D3-1B5735BA9AF8}.Debug|Any CPU.Build.0 = Debug|Any CPU
		{DE293CBD-3358-4405-A3D3-1B5735BA9AF8}.Release|Any CPU.ActiveCfg = Release|Any CPU
		{DE293CBD-3358-4405-A3D3-1B5735BA9AF8}.Release|Any CPU.Build.0 = Release|Any CPU
	EndGlobalSection
	GlobalSection(SolutionProperties) = preSolution
		HideSolutionNode = FALSE
	EndGlobalSection
	GlobalSection(ExtensibilityGlobals) = postSolution
		SolutionGuid = {D36F944A-0430-4D3B-BD57-FFF48311D53A}
	EndGlobalSection
EndGlobal
